Microsoft Visual Studio Solution File, Format Version 12.00
# Visual Studio Version 17
VisualStudioVersion = 17.5.2.0
MinimumVisualStudioVersion = 10.0.40219.1
Project("{FAE04EC0-301F-11D3-BF4B-00C04F79EFBC}") = "Reductio-Absurdum", "Reductio-Absurdum.csproj", "{358BB8CE-9154-21C6-9887-972223B1321E}"
EndProject
Global
	GlobalSection(SolutionConfigurationPlatforms) = preSolution
		Debug|Any CPU = Debug|Any CPU
		Release|Any CPU = Release|Any CPU
	EndGlobalSection
	GlobalSection(ProjectConfigurationPlatforms) = postSolution
		{358BB8CE-9154-21C6-9887-972223B1321E}.Debug|Any CPU.ActiveCfg = Debug|Any CPU
		{358BB8CE-9154-21C6-9887-972223B1321E}.Debug|Any CPU.Build.0 = Debug|Any CPU
		{358BB8CE-9154-21C6-9887-972223B1321E}.Release|Any CPU.ActiveCfg = Release|Any CPU
		{358BB8CE-9154-21C6-9887-972223B1321E}.Release|Any CPU.Build.0 = Release|Any CPU
	EndGlobalSection
	GlobalSection(SolutionProperties) = preSolution
		HideSolutionNode = FALSE
	EndGlobalSection
	GlobalSection(ExtensibilityGlobals) = postSolution
		SolutionGuid = {2C3D7FED-7ECE-4106-8CA6-D8740FB58491}
	EndGlobalSection
EndGlobal
